
Microsoft Visual Studio Solution File, Format Version 12.00
# Visual Studio Version 17
VisualStudioVersion = 17.14.37012.4 d17.14
MinimumVisualStudioVersion = 10.0.40219.1
Project("{FAE04EC0-301F-11D3-BF4B-00C04F79EFBC}") = "ATM.Console", "ATM Simulation\ATM.Console.csproj", "{63FE14E2-2ADA-46F8-96A0-2D23BB07C44D}"
EndProject
Project("{FAE04EC0-301F-11D3-BF4B-00C04F79EFBC}") = "ATM.Domain", "ATM.Domain\ATM.Domain.csproj", "{519B7735-A460-427C-A528-AE81DC2A70E8}"
EndProject
Project("{FAE04EC0-301F-11D3-BF4B-00C04F79EFBC}") = "ATM.Application", "ATM.Application\ATM.Application.csproj", "{C2856628-C548-4B2B-9A22-6C1104B8C081}"
EndProject
Project("{FAE04EC0-301F-11D3-BF4B-00C04F79EFBC}") = "ATM.Infrastructure", "ATM.Infrastructure\ATM.Infrastructure.csproj", "{AF1E46BC-C91B-4C52-96DA-EE90D525F1B1}"
EndProject
Global
	GlobalSection(SolutionConfigurationPlatforms) = preSolution
		Debug|Any CPU = Debug|Any CPU
		Release|Any CPU = Release|Any CPU
	EndGlobalSection
	GlobalSection(ProjectConfigurationPlatforms) = postSolution
		{63FE14E2-2ADA-46F8-96A0-2D23BB07C44D}.Debug|Any CPU.ActiveCfg = Debug|Any CPU
		{63FE14E2-2ADA-46F8-96A0-2D23BB07C44D}.Debug|Any CPU.Build.0 = Debug|Any CPU
		{63FE14E2-2ADA-46F8-96A0-2D23BB07C44D}.Release|Any CPU.ActiveCfg = Release|Any CPU
		{63FE14E2-2ADA-46F8-96A0-2D23BB07C44D}.Release|Any CPU.Build.0 = Release|Any CPU
		{519B7735-A460-427C-A528-AE81DC2A70E8}.Debug|Any CPU.ActiveCfg = Debug|Any CPU
		{519B7735-A460-427C-A528-AE81DC2A70E8}.Debug|Any CPU.Build.0 = Debug|Any CPU
		{519B7735-A460-427C-A528-AE81DC2A70E8}.Release|Any CPU.ActiveCfg = Release|Any CPU
		{519B7735-A460-427C-A528-AE81DC2A70E8}.Release|Any CPU.Build.0 = Release|Any CPU
		{C2856628-C548-4B2B-9A22-6C1104B8C081}.Debug|Any CPU.ActiveCfg = Debug|Any CPU
		{C2856628-C548-4B2B-9A22-6C1104B8C081}.Debug|Any CPU.Build.0 = Debug|Any CPU
		{C2856628-C548-4B2B-9A22-6C1104B8C081}.Release|Any CPU.ActiveCfg = Release|Any CPU
		{C2856628-C548-4B2B-9A22-6C1104B8C081}.Release|Any CPU.Build.0 = Release|Any CPU
		{AF1E46BC-C91B-4C52-96DA-EE90D525F1B1}.Debug|Any CPU.ActiveCfg = Debug|Any CPU
		{AF1E46BC-C91B-4C52-96DA-EE90D525F1B1}.Debug|Any CPU.Build.0 = Debug|Any CPU
		{AF1E46BC-C91B-4C52-96DA-EE90D525F1B1}.Release|Any CPU.ActiveCfg = Release|Any CPU
		{AF1E46BC-C91B-4C52-96DA-EE90D525F1B1}.Release|Any CPU.Build.0 = Release|Any CPU
	EndGlobalSection
	GlobalSection(SolutionProperties) = preSolution
		HideSolutionNode = FALSE
	EndGlobalSection
	GlobalSection(ExtensibilityGlobals) = postSolution
		SolutionGuid = {00484985-C524-4297-A25A-AE03DB97BE4E}
	EndGlobalSection
EndGlobal
